{
  "name": "coffeelint",
  "version": "0.5.5",
  "dependencies": {
    "coffee-script": {
      "version": "1.6.3",
      "from": "coffee-script@1.6.3",
      "resolved": "https://registry.npmjs.org/coffee-script/-/coffee-script-1.6.3.tgz"
    },
    "glob": {
      "version": "4.0.0",
      "from": "glob@>=3.1.9",
      "resolved": "https://registry.npmjs.org/glob/-/glob-4.0.0.tgz",
      "dependencies": {
        "inherits": {
          "version": "2.0.1",
          "from": "inherits@2",
          "resolved": "https://registry.npmjs.org/inherits/-/inherits-2.0.1.tgz"
        },
        "minimatch": {
          "version": "0.3.0",
          "from": "minimatch@^0.3.0",
          "resolved": "https://registry.npmjs.org/minimatch/-/minimatch-0.3.0.tgz",
          "dependencies": {
            "lru-cache": {
              "version": "2.5.0",
              "from": "lru-cache@2",
              "resolved": "https://registry.npmjs.org/lru-cache/-/lru-cache-2.5.0.tgz"
            },
            "sigmund": {
              "version": "1.0.0",
              "from": "sigmund@~1.0.0",
              "resolved": "https://registry.npmjs.org/sigmund/-/sigmund-1.0.0.tgz"
            }
          }
        }
      }
    },
    "optimist": {
      "version": "0.6.1",
      "from": "optimist@>=0.2.8",
      "resolved": "https://registry.npmjs.org/optimist/-/optimist-0.6.1.tgz",
      "dependencies": {
        "wordwrap": {
          "version": "0.0.2",
          "from": "wordwrap@~0.0.2",
          "resolved": "https://registry.npmjs.org/wordwrap/-/wordwrap-0.0.2.tgz"
        },
        "minimist": {
          "version": "0.0.10",
          "from": "minimist@~0.0.1",
          "resolved": "https://registry.npmjs.org/minimist/-/minimist-0.0.10.tgz"
        }
      }
    }
  }
}
